<?xml version="1.0" encoding="UTF-8" standalone="yes" ?>
<CodeBlocks_project_file>
   <FileVersion major="1" minor="6" />
   <Project>
      <Option title="five" />
      <Option makefile_is_custom="1" />
      <Option compiler="gcc" />
      <Option virtualFolders="CMake Files\;" />
      <Build>
      <Target title="all">
         <Option working_dir="/home/zxk/PycharmProjects/deepAI1/c++/computerGraph/fiveA/build-fiveA-Desktop_Qt_5_12_2_GCC_64bit-Debug" />
         <Option type="4" />
         <MakeCommands>
            <Build command="/usr/bin/ninja -v all" />
            <CompileFile command="/usr/bin/ninja -v &quot;$file&quot;" />
            <Clean command="/usr/bin/ninja -v clean" />
            <DistClean command="/usr/bin/ninja -v clean" />
         </MakeCommands>
      </Target>
      <Target title="edit_cache">
         <Option working_dir="/home/zxk/PycharmProjects/deepAI1/c++/computerGraph/fiveA/build-fiveA-Desktop_Qt_5_12_2_GCC_64bit-Debug" />
         <Option type="4" />
         <MakeCommands>
            <Build command="/usr/bin/ninja -v edit_cache" />
            <CompileFile command="/usr/bin/ninja -v &quot;$file&quot;" />
            <Clean command="/usr/bin/ninja -v clean" />
            <DistClean command="/usr/bin/ninja -v clean" />
         </MakeCommands>
      </Target>
      <Target title="rebuild_cache">
         <Option working_dir="/home/zxk/PycharmProjects/deepAI1/c++/computerGraph/fiveA/build-fiveA-Desktop_Qt_5_12_2_GCC_64bit-Debug" />
         <Option type="4" />
         <MakeCommands>
            <Build command="/usr/bin/ninja -v rebuild_cache" />
            <CompileFile command="/usr/bin/ninja -v &quot;$file&quot;" />
            <Clean command="/usr/bin/ninja -v clean" />
            <DistClean command="/usr/bin/ninja -v clean" />
         </MakeCommands>
      </Target>
      <Target title="a5">
         <Option output="/home/zxk/PycharmProjects/deepAI1/c++/computerGraph/fiveA/build-fiveA-Desktop_Qt_5_12_2_GCC_64bit-Debug/a5" prefix_auto="0" extension_auto="0" />
         <Option working_dir="/home/zxk/PycharmProjects/deepAI1/c++/computerGraph/fiveA/build-fiveA-Desktop_Qt_5_12_2_GCC_64bit-Debug" />
         <Option object_output="./" />
         <Option type="1" />
         <Option compiler="gcc" />
         <Compiler>
            <Add directory="/usr/include" />
            <Add directory="/usr/include/c++/5" />
            <Add directory="/usr/include/c++/5/backward" />
            <Add directory="/usr/include/x86_64-linux-gnu" />
            <Add directory="/usr/include/x86_64-linux-gnu/c++/5" />
            <Add directory="/usr/lib/gcc/x86_64-linux-gnu/5/include" />
            <Add directory="/usr/lib/gcc/x86_64-linux-gnu/5/include-fixed" />
            <Add directory="/usr/local/include" />
         </Compiler>
         <MakeCommands>
            <Build command="/usr/bin/ninja -v a5" />
            <CompileFile command="/usr/bin/ninja -v &quot;$file&quot;" />
            <Clean command="/usr/bin/ninja -v clean" />
            <DistClean command="/usr/bin/ninja -v clean" />
         </MakeCommands>
      </Target>
      <Target title="a5/fast">
         <Option output="/home/zxk/PycharmProjects/deepAI1/c++/computerGraph/fiveA/build-fiveA-Desktop_Qt_5_12_2_GCC_64bit-Debug/a5" prefix_auto="0" extension_auto="0" />
         <Option working_dir="/home/zxk/PycharmProjects/deepAI1/c++/computerGraph/fiveA/build-fiveA-Desktop_Qt_5_12_2_GCC_64bit-Debug" />
         <Option object_output="./" />
         <Option type="1" />
         <Option compiler="gcc" />
         <Compiler>
            <Add directory="/usr/include" />
            <Add directory="/usr/include/c++/5" />
            <Add directory="/usr/include/c++/5/backward" />
            <Add directory="/usr/include/x86_64-linux-gnu" />
            <Add directory="/usr/include/x86_64-linux-gnu/c++/5" />
            <Add directory="/usr/lib/gcc/x86_64-linux-gnu/5/include" />
            <Add directory="/usr/lib/gcc/x86_64-linux-gnu/5/include-fixed" />
            <Add directory="/usr/local/include" />
         </Compiler>
         <MakeCommands>
            <Build command="/usr/bin/ninja -v a5/fast" />
            <CompileFile command="/usr/bin/ninja -v &quot;$file&quot;" />
            <Clean command="/usr/bin/ninja -v clean" />
            <DistClean command="/usr/bin/ninja -v clean" />
         </MakeCommands>
      </Target>
      </Build>
      <Unit filename="/home/zxk/PycharmProjects/deepAI1/c++/computerGraph/fiveA/Camera.cpp">
         <Option target="a5"/>
      </Unit>
      <Unit filename="/home/zxk/PycharmProjects/deepAI1/c++/computerGraph/fiveA/Camera.h">
         <Option target="a5"/>
      </Unit>
      <Unit filename="/home/zxk/PycharmProjects/deepAI1/c++/computerGraph/fiveA/CubeMap.cpp">
         <Option target="a5"/>
      </Unit>
      <Unit filename="/home/zxk/PycharmProjects/deepAI1/c++/computerGraph/fiveA/CubeMap.h">
         <Option target="a5"/>
      </Unit>
      <Unit filename="/home/zxk/PycharmProjects/deepAI1/c++/computerGraph/fiveA/Group.cpp">
         <Option target="a5"/>
      </Unit>
      <Unit filename="/home/zxk/PycharmProjects/deepAI1/c++/computerGraph/fiveA/Group.h">
         <Option target="a5"/>
      </Unit>
      <Unit filename="/home/zxk/PycharmProjects/deepAI1/c++/computerGraph/fiveA/Image.cpp">
         <Option target="a5"/>
      </Unit>
      <Unit filename="/home/zxk/PycharmProjects/deepAI1/c++/computerGraph/fiveA/Image.h">
         <Option target="a5"/>
      </Unit>
      <Unit filename="/home/zxk/PycharmProjects/deepAI1/c++/computerGraph/fiveA/Material.cpp">
         <Option target="a5"/>
      </Unit>
      <Unit filename="/home/zxk/PycharmProjects/deepAI1/c++/computerGraph/fiveA/Material.h">
         <Option target="a5"/>
      </Unit>
      <Unit filename="/home/zxk/PycharmProjects/deepAI1/c++/computerGraph/fiveA/Mesh.cpp">
         <Option target="a5"/>
      </Unit>
      <Unit filename="/home/zxk/PycharmProjects/deepAI1/c++/computerGraph/fiveA/Mesh.hpp">
         <Option target="a5"/>
      </Unit>
      <Unit filename="/home/zxk/PycharmProjects/deepAI1/c++/computerGraph/fiveA/Noise.cpp">
         <Option target="a5"/>
      </Unit>
      <Unit filename="/home/zxk/PycharmProjects/deepAI1/c++/computerGraph/fiveA/Noise.h">
         <Option target="a5"/>
      </Unit>
      <Unit filename="/home/zxk/PycharmProjects/deepAI1/c++/computerGraph/fiveA/PerlinNoise.cpp">
         <Option target="a5"/>
      </Unit>
      <Unit filename="/home/zxk/PycharmProjects/deepAI1/c++/computerGraph/fiveA/PerlinNoise.h">
         <Option target="a5"/>
      </Unit>
      <Unit filename="/home/zxk/PycharmProjects/deepAI1/c++/computerGraph/fiveA/Plane.cpp">
         <Option target="a5"/>
      </Unit>
      <Unit filename="/home/zxk/PycharmProjects/deepAI1/c++/computerGraph/fiveA/Plane.h">
         <Option target="a5"/>
      </Unit>
      <Unit filename="/home/zxk/PycharmProjects/deepAI1/c++/computerGraph/fiveA/RayTracer.cpp">
         <Option target="a5"/>
      </Unit>
      <Unit filename="/home/zxk/PycharmProjects/deepAI1/c++/computerGraph/fiveA/RayTracer.h">
         <Option target="a5"/>
      </Unit>
      <Unit filename="/home/zxk/PycharmProjects/deepAI1/c++/computerGraph/fiveA/SceneParser.cpp">
         <Option target="a5"/>
      </Unit>
      <Unit filename="/home/zxk/PycharmProjects/deepAI1/c++/computerGraph/fiveA/SceneParser.h">
         <Option target="a5"/>
      </Unit>
      <Unit filename="/home/zxk/PycharmProjects/deepAI1/c++/computerGraph/fiveA/Sphere.cpp">
         <Option target="a5"/>
      </Unit>
      <Unit filename="/home/zxk/PycharmProjects/deepAI1/c++/computerGraph/fiveA/Sphere.h">
         <Option target="a5"/>
      </Unit>
      <Unit filename="/home/zxk/PycharmProjects/deepAI1/c++/computerGraph/fiveA/main.cpp">
         <Option target="a5"/>
      </Unit>
      <Unit filename="/home/zxk/PycharmProjects/deepAI1/c++/computerGraph/fiveA/octree.cpp">
         <Option target="a5"/>
      </Unit>
      <Unit filename="/home/zxk/PycharmProjects/deepAI1/c++/computerGraph/fiveA/octree.hpp">
         <Option target="a5"/>
      </Unit>
      <Unit filename="/home/zxk/PycharmProjects/deepAI1/c++/computerGraph/fiveA/render.cpp">
         <Option target="a5"/>
      </Unit>
      <Unit filename="/home/zxk/PycharmProjects/deepAI1/c++/computerGraph/fiveA/render.h">
         <Option target="a5"/>
      </Unit>
      <Unit filename="/home/zxk/PycharmProjects/deepAI1/c++/computerGraph/fiveA/texture.cpp">
         <Option target="a5"/>
      </Unit>
      <Unit filename="/home/zxk/PycharmProjects/deepAI1/c++/computerGraph/fiveA/texture.hpp">
         <Option target="a5"/>
      </Unit>
      <Unit filename="/home/zxk/PycharmProjects/deepAI1/c++/computerGraph/fiveA/CMakeLists.txt">
          <Option virtualFolder="CMake Files\" />
      </Unit>
   </Project>
</CodeBlocks_project_file>
